
Microsoft Visual Studio Solution File, Format Version 12.00
# Visual Studio Version 16
VisualStudioVersion = 16.0.29609.76
MinimumVisualStudioVersion = 10.0.40219.1
Project("{FAE04EC0-301F-11D3-BF4B-00C04F79EFBC}") = "race-server", "..\race-server\race-server.csproj", "{22B8AB8B-ACA1-4EED-A51D-A695FE54BA3D}"
EndProject
Project("{FAE04EC0-301F-11D3-BF4B-00C04F79EFBC}") = "race-client", "..\race-client\race-client.csproj", "{82C50D15-8712-433F-A6E8-19B3B8FC5EF5}"
EndProject
Global
	GlobalSection(SolutionConfigurationPlatforms) = preSolution
		Debug|Any CPU = Debug|Any CPU
		Release|Any CPU = Release|Any CPU
	EndGlobalSection
	GlobalSection(ProjectConfigurationPlatforms) = postSolution
		{22B8AB8B-ACA1-4EED-A51D-A695FE54BA3D}.Debug|Any CPU.ActiveCfg = Debug|Any CPU
		{22B8AB8B-ACA1-4EED-A51D-A695FE54BA3D}.Debug|Any CPU.Build.0 = Debug|Any CPU
		{22B8AB8B-ACA1-4EED-A51D-A695FE54BA3D}.Release|Any CPU.ActiveCfg = Release|Any CPU
		{22B8AB8B-ACA1-4EED-A51D-A695FE54BA3D}.Release|Any CPU.Build.0 = Release|Any CPU
		{82C50D15-8712-433F-A6E8-19B3B8FC5EF5}.Debug|Any CPU.ActiveCfg = Debug|Any CPU
		{82C50D15-8712-433F-A6E8-19B3B8FC5EF5}.Debug|Any CPU.Build.0 = Debug|Any CPU
		{82C50D15-8712-433F-A6E8-19B3B8FC5EF5}.Release|Any CPU.ActiveCfg = Release|Any CPU
		{82C50D15-8712-433F-A6E8-19B3B8FC5EF5}.Release|Any CPU.Build.0 = Release|Any CPU
	EndGlobalSection
	GlobalSection(SolutionProperties) = preSolution
		HideSolutionNode = FALSE
	EndGlobalSection
	GlobalSection(ExtensibilityGlobals) = postSolution
		SolutionGuid = {6BBE7A88-F3F9-4DDC-A217-0F1B8E4D6875}
	EndGlobalSection
EndGlobal
